# This file is automatically @generated by Cargo.
# It is not intended for manual editing.
version = 3

[[package]]
name = "bitstream-io"
version = "0.8.5"
source = "registry+https://github.com/rust-lang/crates.io-index"
checksum = "614aa3f2bac03707e62a84d18a48dd3d9ea6171313fd5e6a53b5054d8ae74601"

[[package]]
name = "byteorder"
version = "1.4.3"
source = "registry+https://github.com/rust-lang/crates.io-index"
checksum = "14c189c53d098945499cdfa7ecc63567cf3886b3332b312a5b4585d8d3a6a610"

[[package]]
name = "kalimba_note_detector"
version = "0.1.0"
dependencies = [
 "puremp3",
]

[[package]]
name = "puremp3"
version = "0.1.0"
source = "registry+https://github.com/rust-lang/crates.io-index"
checksum = "f2b7efbb39e373af70c139e0611375fa6cad751fb93d528a610b55302710d883"
dependencies = [
 "bitstream-io",
 "byteorder",
]
